
Microsoft Visual Studio Solution File, Format Version 12.00
# Visual Studio Version 17
VisualStudioVersion = 17.14.36401.2 d17.14
MinimumVisualStudioVersion = 10.0.40219.1
Project("{FAE04EC0-301F-11D3-BF4B-00C04F79EFBC}") = "SistemaAcademico.Dominio", "SistemaAcademico.Dominio\SistemaAcademico.Dominio.csproj", "{E27B710F-B8A5-40D9-BE0B-2CF9B13152C8}"
EndProject
Project("{FAE04EC0-301F-11D3-BF4B-00C04F79EFBC}") = "SistemaAcademico.Repositorio", "SistemaAcademico.Repositorio\SistemaAcademico.Repositorio.csproj", "{FFEEBDAA-4765-4384-9C0D-2974F73185EF}"
EndProject
Project("{FAE04EC0-301F-11D3-BF4B-00C04F79EFBC}") = "SistemaAcademico.Servico", "SistemaAcademico.Servico\SistemaAcademico.Servico.csproj", "{E407B903-C53E-4093-8AC6-21E18DBFFC3E}"
EndProject
Project("{FAE04EC0-301F-11D3-BF4B-00C04F79EFBC}") = "SistemaAcademico.WebAPI", "SistemaAcademico.WebAPI\SistemaAcademico.WebAPI.csproj", "{6960C266-83F8-4D00-9F8A-CF16BD476E2D}"
EndProject
Global
	GlobalSection(SolutionConfigurationPlatforms) = preSolution
		Debug|Any CPU = Debug|Any CPU
		Release|Any CPU = Release|Any CPU
	EndGlobalSection
	GlobalSection(ProjectConfigurationPlatforms) = postSolution
		{E27B710F-B8A5-40D9-BE0B-2CF9B13152C8}.Debug|Any CPU.ActiveCfg = Debug|Any CPU
		{E27B710F-B8A5-40D9-BE0B-2CF9B13152C8}.Debug|Any CPU.Build.0 = Debug|Any CPU
		{E27B710F-B8A5-40D9-BE0B-2CF9B13152C8}.Release|Any CPU.ActiveCfg = Release|Any CPU
		{E27B710F-B8A5-40D9-BE0B-2CF9B13152C8}.Release|Any CPU.Build.0 = Release|Any CPU
		{FFEEBDAA-4765-4384-9C0D-2974F73185EF}.Debug|Any CPU.ActiveCfg = Debug|Any CPU
		{FFEEBDAA-4765-4384-9C0D-2974F73185EF}.Debug|Any CPU.Build.0 = Debug|Any CPU
		{FFEEBDAA-4765-4384-9C0D-2974F73185EF}.Release|Any CPU.ActiveCfg = Release|Any CPU
		{FFEEBDAA-4765-4384-9C0D-2974F73185EF}.Release|Any CPU.Build.0 = Release|Any CPU
		{E407B903-C53E-4093-8AC6-21E18DBFFC3E}.Debug|Any CPU.ActiveCfg = Debug|Any CPU
		{E407B903-C53E-4093-8AC6-21E18DBFFC3E}.Debug|Any CPU.Build.0 = Debug|Any CPU
		{E407B903-C53E-4093-8AC6-21E18DBFFC3E}.Release|Any CPU.ActiveCfg = Release|Any CPU
		{E407B903-C53E-4093-8AC6-21E18DBFFC3E}.Release|Any CPU.Build.0 = Release|Any CPU
		{6960C266-83F8-4D00-9F8A-CF16BD476E2D}.Debug|Any CPU.ActiveCfg = Debug|Any CPU
		{6960C266-83F8-4D00-9F8A-CF16BD476E2D}.Debug|Any CPU.Build.0 = Debug|Any CPU
		{6960C266-83F8-4D00-9F8A-CF16BD476E2D}.Release|Any CPU.ActiveCfg = Release|Any CPU
		{6960C266-83F8-4D00-9F8A-CF16BD476E2D}.Release|Any CPU.Build.0 = Release|Any CPU
	EndGlobalSection
	GlobalSection(SolutionProperties) = preSolution
		HideSolutionNode = FALSE
	EndGlobalSection
	GlobalSection(ExtensibilityGlobals) = postSolution
		SolutionGuid = {0E6144DB-C8BF-4AA2-A8A5-0BEC10DBE1DA}
	EndGlobalSection
EndGlobal
